{
  "name": "unova_form",
  "lockfileVersion": 3,
  "requires": true,
  "packages": {
    "": {
      "name": "unova_form",
      "dependencies": {
        "@hotwired/stimulus": "^3.2.2",
        "@types/node": "^20.5.9"
      },
      "devDependencies": {
        "stimulus-use": "^0.52.0"
      }
    },
    "node_modules/@hotwired/stimulus": {
      "version": "3.2.2",
      "resolved": "https://registry.npmjs.org/@hotwired/stimulus/-/stimulus-3.2.2.tgz",
      "integrity": "sha512-eGeIqNOQpXoPAIP7tC1+1Yc1yl1xnwYqg+3mzqxyrbE5pg5YFBZcA6YoTiByJB6DKAEsiWtl6tjTJS4IYtbB7A=="
    },
    "node_modules/@types/node": {
      "version": "20.5.9",
      "resolved": "https://registry.npmjs.org/@types/node/-/node-20.5.9.tgz",
      "integrity": "sha512-PcGNd//40kHAS3sTlzKB9C9XL4K0sTup8nbG5lC14kzEteTNuAFh9u5nA0o5TWnSG2r/JNPRXFVcHJIIeRlmqQ=="
    },
    "node_modules/hotkeys-js": {
      "version": "3.12.0",
      "resolved": "https://registry.npmjs.org/hotkeys-js/-/hotkeys-js-3.12.0.tgz",
      "integrity": "sha512-Z+N573ycUKIGwFYS3ID1RzMJiGmtWMGKMiaNLyJS8B1ei+MllF4ZYmKS2T0kMWBktOz+WZLVNikftEgnukOrXg==",
      "dev": true,
      "peer": true
    },
    "node_modules/stimulus-use": {
      "version": "0.52.0",
      "resolved": "https://registry.npmjs.org/stimulus-use/-/stimulus-use-0.52.0.tgz",
      "integrity": "sha512-b2Z2krSSIqKvG9ncrjMlxbX3SYg9mgL0g/1Zc25jTZjTr0//wgg7szUi9G67amBs/yLqO12GAEnudybZgYNnjA==",
      "dev": true,
      "peerDependencies": {
        "@hotwired/stimulus": ">= 3",
        "hotkeys-js": ">= 3"
      }
    }
  }
}
